{
  "name": "@nge/db-typeorm",
  "version": "0.1.0",
  "lockfileVersion": 1,
  "requires": true,
  "dependencies": {
    "@nge/db-core": {
      "version": "0.1.0",
      "resolved": "http://localhost:4873/@nge%2fdb-core/-/db-core-0.1.0.tgz",
      "integrity": "sha512-GF7SUf2uk/MEagS1AIBjKd2YgmuN18hRb8F7MELpbmEf7QZhGWXE67c/9YMLnXXOLCMH2VwOMln/tXERMl37RQ=="
    },
    "@types/bluebird": {
      "version": "3.5.18",
      "resolved": "http://localhost:4873/@types%2fbluebird/-/bluebird-3.5.18.tgz",
      "integrity": "sha512-OTPWHmsyW18BhrnG5x8F7PzeZ2nFxmHGb42bZn79P9hl+GI5cMzyPgQTwNjbem0lJhoru/8vtjAFCUOu3+gE2w==",
      "dev": true
    },
    "@types/geojson": {
      "version": "1.0.6",
      "resolved": "http://localhost:4873/@types%2fgeojson/-/geojson-1.0.6.tgz",
      "integrity": "sha512-Xqg/lIZMrUd0VRmSRbCAewtwGZiAk3mEUDvV4op1tGl+LvyPcb/MIOSxTl9z+9+J+R4/vpjiCAT4xeKzH9ji1w=="
    },
    "@types/jasmine": {
      "version": "2.5.54",
      "resolved": "http://localhost:4873/@types%2fjasmine/-/jasmine-2.5.54.tgz",
      "integrity": "sha512-B9YofFbUljs19g5gBKUYeLIulsh31U5AK70F41BImQRHEZQGm4GcN922UvnYwkduMqbC/NH+9fruWa/zrqvHIg==",
      "dev": true
    },
    "@types/lodash": {
      "version": "4.14.82",
      "resolved": "http://localhost:4873/@types%2flodash/-/lodash-4.14.82.tgz",
      "integrity": "sha512-fhoasvjS6qO4nPEfCD0fonL+BHS3b9ge0LpHxumuDtOuKMvs85OmQldDQzmlGEOZIfyYeo5/sas07+hWWzSJlw==",
      "dev": true
    },
    "@types/node": {
      "version": "8.0.11",
      "resolved": "http://localhost:4873/@types%2fnode/-/node-8.0.11.tgz",
      "integrity": "sha512-cvpf//OAWDUtIjkPvxBJLpv3J8+961gJU0rdmMSWEbkCsn3ql66BP5He8laiqicfocRsegq3DEOu0IMMMhFjzg==",
      "dev": true
    },
    "@types/sequelize": {
      "version": "4.0.76",
      "resolved": "http://localhost:4873/@types%2fsequelize/-/sequelize-4.0.76.tgz",
      "integrity": "sha512-bRZi3bnSnwLtFuc8yoSN9ApwjTI+uMUkgQiBCcOn01wDFc0nSY4f74U62+dgs+rSR+cAxXbvOU1t6/NLm8r5vA==",
      "dev": true,
      "requires": {
        "@types/bluebird": "3.5.18",
        "@types/lodash": "4.14.82",
        "@types/validator": "6.3.0"
      }
    },
    "@types/validator": {
      "version": "6.3.0",
      "resolved": "http://localhost:4873/@types%2fvalidator/-/validator-6.3.0.tgz",
      "integrity": "sha512-fUc+9BEr1WWW8wVRl5I/pyRDGZNe9nH06kOzlGH3eN7N8VVPW/zSrE0Vdca6G2sRCVmIN/XuOenbmldAAyTYaw==",
      "dev": true
    },
    "balanced-match": {
      "version": "1.0.0",
      "resolved": "http://localhost:4873/balanced-match/-/balanced-match-1.0.0.tgz",
      "integrity": "sha1-ibTRmasr7kneFk6gK4nORi1xt2c=",
      "dev": true
    },
    "bluebird": {
      "version": "3.5.1",
      "resolved": "http://localhost:4873/bluebird/-/bluebird-3.5.1.tgz",
      "integrity": "sha512-MKiLiV+I1AA596t9w1sQJ8jkiSr5+ZKi0WKrYGUn6d1Fx+Ij4tIj+m2WMQSGczs5jZVxV339chE8iwk6F64wjA=="
    },
    "brace-expansion": {
      "version": "1.1.8",
      "resolved": "http://localhost:4873/brace-expansion/-/brace-expansion-1.1.8.tgz",
      "integrity": "sha1-wHshHHyVLsH479Uad+8NHTmQopI=",
      "dev": true,
      "requires": {
        "balanced-match": "1.0.0",
        "concat-map": "0.0.1"
      }
    },
    "cls-bluebird": {
      "version": "2.0.1",
      "resolved": "http://localhost:4873/cls-bluebird/-/cls-bluebird-2.0.1.tgz",
      "integrity": "sha1-wlmkgK4CwOUGE0MHuxPbMERu4uc=",
      "requires": {
        "is-bluebird": "1.0.2",
        "shimmer": "1.1.0"
      }
    },
    "concat-map": {
      "version": "0.0.1",
      "resolved": "http://localhost:4873/concat-map/-/concat-map-0.0.1.tgz",
      "integrity": "sha1-2Klr13/Wjfd5OnMDajug1UBdR3s=",
      "dev": true
    },
    "debug": {
      "version": "3.1.0",
      "resolved": "http://localhost:4873/debug/-/debug-3.1.0.tgz",
      "integrity": "sha512-OX8XqP7/1a9cqkxYw2yXss15f26NKWBpDXQd0/uK/KPqdQhxbPa994hnzjcE2VqQpDslf55723cKPUOGSmMY3g==",
      "requires": {
        "ms": "2.0.0"
      }
    },
    "depd": {
      "version": "1.1.1",
      "resolved": "http://localhost:4873/depd/-/depd-1.1.1.tgz",
      "integrity": "sha1-V4O04cRZ8G+lyif5kfPQbnoxA1k="
    },
    "dottie": {
      "version": "2.0.0",
      "resolved": "http://localhost:4873/dottie/-/dottie-2.0.0.tgz",
      "integrity": "sha1-2hkZgci41xPKARXViYzzl8Lw3dA="
    },
    "exit": {
      "version": "0.1.2",
      "resolved": "http://localhost:4873/exit/-/exit-0.1.2.tgz",
      "integrity": "sha1-BjJjj42HfMghB9MKD/8aF8uhzQw=",
      "dev": true
    },
    "fs.realpath": {
      "version": "1.0.0",
      "resolved": "http://localhost:4873/fs.realpath/-/fs.realpath-1.0.0.tgz",
      "integrity": "sha1-FQStJSMVjKpA20onh8sBQRmU6k8=",
      "dev": true
    },
    "generic-pool": {
      "version": "3.2.0",
      "resolved": "http://localhost:4873/generic-pool/-/generic-pool-3.2.0.tgz",
      "integrity": "sha512-JjcXDHT84icN/kFaF5+rNd1trZsgJFVqTSgM9dv6eayxSIQKMq0ilBJ+5pvf0SgimacMlZEsav4oL+4dUE4E2g=="
    },
    "glob": {
      "version": "7.1.2",
      "resolved": "http://localhost:4873/glob/-/glob-7.1.2.tgz",
      "integrity": "sha512-MJTUg1kjuLeQCJ+ccE4Vpa6kKVXkPYJ2mOCQyUuKLcLQsdrMCpBPUi8qVE6+YuaJkozeA9NusTAw3hLr8Xe5EQ==",
      "dev": true,
      "requires": {
        "fs.realpath": "1.0.0",
        "inflight": "1.0.6",
        "inherits": "2.0.3",
        "minimatch": "3.0.4",
        "once": "1.4.0",
        "path-is-absolute": "1.0.1"
      }
    },
    "inflection": {
      "version": "1.12.0",
      "resolved": "http://localhost:4873/inflection/-/inflection-1.12.0.tgz",
      "integrity": "sha1-ogCTVlbW9fa8TcdQLhrstwMihBY="
    },
    "inflight": {
      "version": "1.0.6",
      "resolved": "http://localhost:4873/inflight/-/inflight-1.0.6.tgz",
      "integrity": "sha1-Sb1jMdfQLQwJvJEKEHW6gWW1bfk=",
      "dev": true,
      "requires": {
        "once": "1.4.0",
        "wrappy": "1.0.2"
      }
    },
    "inherits": {
      "version": "2.0.3",
      "resolved": "http://localhost:4873/inherits/-/inherits-2.0.3.tgz",
      "integrity": "sha1-Yzwsg+PaQqUC9SRmAiSA9CCCYd4=",
      "dev": true
    },
    "is-bluebird": {
      "version": "1.0.2",
      "resolved": "http://localhost:4873/is-bluebird/-/is-bluebird-1.0.2.tgz",
      "integrity": "sha1-CWQ5Bg9KpBGr7hkUOoTWpVNG1uI="
    },
    "jasmine": {
      "version": "2.6.0",
      "resolved": "http://localhost:4873/jasmine/-/jasmine-2.6.0.tgz",
      "integrity": "sha1-ayLnCIPo5YnUVjRhU7TSBt2+IX8=",
      "dev": true,
      "requires": {
        "exit": "0.1.2",
        "glob": "7.1.2",
        "jasmine-core": "2.6.4"
      }
    },
    "jasmine-core": {
      "version": "2.6.4",
      "resolved": "http://localhost:4873/jasmine-core/-/jasmine-core-2.6.4.tgz",
      "integrity": "sha1-3skmzQqfoof7bbXHVfpIfnTOysU=",
      "dev": true
    },
    "lodash": {
      "version": "4.17.4",
      "resolved": "http://localhost:4873/lodash/-/lodash-4.17.4.tgz",
      "integrity": "sha1-eCA6TRwyiuHYbcpkYONptX9AVa4="
    },
    "minimatch": {
      "version": "3.0.4",
      "resolved": "http://localhost:4873/minimatch/-/minimatch-3.0.4.tgz",
      "integrity": "sha512-yJHVQEhyqPLUTgt9B83PXu6W3rx4MvvHvSUvToogpwoGDOUQ+yDrR0HRot+yOCdCO7u4hX3pWft6kWBBcqh0UA==",
      "dev": true,
      "requires": {
        "brace-expansion": "1.1.8"
      }
    },
    "moment": {
      "version": "2.19.1",
      "resolved": "http://localhost:4873/moment/-/moment-2.19.1.tgz",
      "integrity": "sha1-VtoaLRy/AdOLfhr8McELz6GSkWc="
    },
    "moment-timezone": {
      "version": "0.5.14",
      "resolved": "http://localhost:4873/moment-timezone/-/moment-timezone-0.5.14.tgz",
      "integrity": "sha1-TrOP+VOLgBCLpGekWPPtQmjM/LE=",
      "requires": {
        "moment": "2.19.1"
      }
    },
    "ms": {
      "version": "2.0.0",
      "resolved": "http://localhost:4873/ms/-/ms-2.0.0.tgz",
      "integrity": "sha1-VgiurfwAvmwpAd9fmGF4jeDVl8g="
    },
    "nan": {
      "version": "2.7.0",
      "resolved": "http://localhost:4873/nan/-/nan-2.7.0.tgz",
      "integrity": "sha1-2Vv3IeyHfgjbJ27T/G63j5CDrUY=",
      "dev": true
    },
    "once": {
      "version": "1.4.0",
      "resolved": "http://localhost:4873/once/-/once-1.4.0.tgz",
      "integrity": "sha1-WDsap3WWHUsROsF9nFC6753Xa9E=",
      "dev": true,
      "requires": {
        "wrappy": "1.0.2"
      }
    },
    "path-is-absolute": {
      "version": "1.0.1",
      "resolved": "http://localhost:4873/path-is-absolute/-/path-is-absolute-1.0.1.tgz",
      "integrity": "sha1-F0uSaHNVNP+8es5r9TpanhtcX18=",
      "dev": true
    },
    "retry-as-promised": {
      "version": "2.3.2",
      "resolved": "http://localhost:4873/retry-as-promised/-/retry-as-promised-2.3.2.tgz",
      "integrity": "sha1-zZdO5P2bX+A8vzGHHuSCIcB3N7c=",
      "requires": {
        "bluebird": "3.5.1",
        "debug": "2.6.9"
      },
      "dependencies": {
        "debug": {
          "version": "2.6.9",
          "resolved": "http://localhost:4873/debug/-/debug-2.6.9.tgz",
          "integrity": "sha512-bC7ElrdJaJnPbAP+1EotYvqZsb3ecl5wi6Bfi6BJTUcNowp6cvspg0jXznRTKDjm/E7AdgFBVeAPVMNcKGsHMA==",
          "requires": {
            "ms": "2.0.0"
          }
        }
      }
    },
    "semver": {
      "version": "5.4.1",
      "resolved": "http://localhost:4873/semver/-/semver-5.4.1.tgz",
      "integrity": "sha512-WfG/X9+oATh81XtllIo/I8gOiY9EXRdv1cQdyykeXK17YcUW3EXUAi2To4pcH6nZtJPr7ZOpM5OMyWJZm+8Rsg=="
    },
    "sequelize": {
      "version": "4.13.10",
      "resolved": "http://localhost:4873/sequelize/-/sequelize-4.13.10.tgz",
      "integrity": "sha512-eYaAsQRZD46XXAIFgWlkDtTq8e8ObVIEC6HcidRWUaGA2CKKfi5TgLP9IYDvZuyHfgbBF3DI2T2Jlb+w7HwyeQ==",
      "requires": {
        "bluebird": "3.5.1",
        "cls-bluebird": "2.0.1",
        "debug": "3.1.0",
        "depd": "1.1.1",
        "dottie": "2.0.0",
        "generic-pool": "3.2.0",
        "inflection": "1.12.0",
        "lodash": "4.17.4",
        "moment": "2.19.1",
        "moment-timezone": "0.5.14",
        "retry-as-promised": "2.3.2",
        "semver": "5.4.1",
        "terraformer-wkt-parser": "1.1.2",
        "toposort-class": "1.0.1",
        "uuid": "3.1.0",
        "validator": "8.2.0",
        "wkx": "0.4.2"
      }
    },
    "shimmer": {
      "version": "1.1.0",
      "resolved": "http://localhost:4873/shimmer/-/shimmer-1.1.0.tgz",
      "integrity": "sha1-l9c3cTf/u6tCVSLkKf4KqJpIizU="
    },
    "sqlite3": {
      "version": "3.1.13",
      "resolved": "http://localhost:4873/sqlite3/-/sqlite3-3.1.13.tgz",
      "integrity": "sha512-JxXKPJnkZ6NuHRojq+g2WXWBt3M1G9sjZaYiHEWSTGijDM3cwju/0T2XbWqMXFmPqDgw+iB7zKQvnns4bvzXlw==",
      "dev": true,
      "requires": {
        "nan": "2.7.0",
        "node-pre-gyp": "0.6.38"
      },
      "dependencies": {
        "abbrev": {
          "version": "1.1.1",
          "bundled": true,
          "dev": true
        },
        "ajv": {
          "version": "4.11.8",
          "bundled": true,
          "dev": true,
          "requires": {
            "co": "4.6.0",
            "json-stable-stringify": "1.0.1"
          }
        },
        "ansi-regex": {
          "version": "2.1.1",
          "bundled": true,
          "dev": true
        },
        "aproba": {
          "version": "1.2.0",
          "bundled": true,
          "dev": true
        },
        "are-we-there-yet": {
          "version": "1.1.4",
          "bundled": true,
          "dev": true,
          "requires": {
            "delegates": "1.0.0",
            "readable-stream": "2.3.3"
          }
        },
        "asn1": {
          "version": "0.2.3",
          "bundled": true,
          "dev": true
        },
        "assert-plus": {
          "version": "0.2.0",
          "bundled": true,
          "dev": true
        },
        "asynckit": {
          "version": "0.4.0",
          "bundled": true,
          "dev": true
        },
        "aws-sign2": {
          "version": "0.6.0",
          "bundled": true,
          "dev": true
        },
        "aws4": {
          "version": "1.6.0",
          "bundled": true,
          "dev": true
        },
        "balanced-match": {
          "version": "1.0.0",
          "bundled": true,
          "dev": true
        },
        "bcrypt-pbkdf": {
          "version": "1.0.1",
          "bundled": true,
          "dev": true,
          "optional": true,
          "requires": {
            "tweetnacl": "0.14.5"
          }
        },
        "block-stream": {
          "version": "0.0.9",
          "bundled": true,
          "dev": true,
          "requires": {
            "inherits": "2.0.3"
          }
        },
        "boom": {
          "version": "2.10.1",
          "bundled": true,
          "dev": true,
          "requires": {
            "hoek": "2.16.3"
          }
        },
        "brace-expansion": {
          "version": "1.1.8",
          "bundled": true,
          "dev": true,
          "requires": {
            "balanced-match": "1.0.0",
            "concat-map": "0.0.1"
          }
        },
        "caseless": {
          "version": "0.12.0",
          "bundled": true,
          "dev": true
        },
        "co": {
          "version": "4.6.0",
          "bundled": true,
          "dev": true
        },
        "code-point-at": {
          "version": "1.1.0",
          "bundled": true,
          "dev": true
        },
        "combined-stream": {
          "version": "1.0.5",
          "bundled": true,
          "dev": true,
          "requires": {
            "delayed-stream": "1.0.0"
          }
        },
        "concat-map": {
          "version": "0.0.1",
          "bundled": true,
          "dev": true
        },
        "console-control-strings": {
          "version": "1.1.0",
          "bundled": true,
          "dev": true
        },
        "core-util-is": {
          "version": "1.0.2",
          "bundled": true,
          "dev": true
        },
        "cryptiles": {
          "version": "2.0.5",
          "bundled": true,
          "dev": true,
          "requires": {
            "boom": "2.10.1"
          }
        },
        "dashdash": {
          "version": "1.14.1",
          "bundled": true,
          "dev": true,
          "requires": {
            "assert-plus": "1.0.0"
          },
          "dependencies": {
            "assert-plus": {
              "version": "1.0.0",
              "bundled": true,
              "dev": true
            }
          }
        },
        "debug": {
          "version": "2.6.9",
          "bundled": true,
          "dev": true,
          "requires": {
            "ms": "2.0.0"
          }
        },
        "deep-extend": {
          "version": "0.4.2",
          "bundled": true,
          "dev": true
        },
        "delayed-stream": {
          "version": "1.0.0",
          "bundled": true,
          "dev": true
        },
        "delegates": {
          "version": "1.0.0",
          "bundled": true,
          "dev": true
        },
        "ecc-jsbn": {
          "version": "0.1.1",
          "bundled": true,
          "dev": true,
          "optional": true,
          "requires": {
            "jsbn": "0.1.1"
          }
        },
        "extend": {
          "version": "3.0.1",
          "bundled": true,
          "dev": true
        },
        "extsprintf": {
          "version": "1.3.0",
          "bundled": true,
          "dev": true
        },
        "forever-agent": {
          "version": "0.6.1",
          "bundled": true,
          "dev": true
        },
        "form-data": {
          "version": "2.1.4",
          "bundled": true,
          "dev": true,
          "requires": {
            "asynckit": "0.4.0",
            "combined-stream": "1.0.5",
            "mime-types": "2.1.17"
          }
        },
        "fs.realpath": {
          "version": "1.0.0",
          "bundled": true,
          "dev": true
        },
        "fstream": {
          "version": "1.0.11",
          "bundled": true,
          "dev": true,
          "requires": {
            "graceful-fs": "4.1.11",
            "inherits": "2.0.3",
            "mkdirp": "0.5.1",
            "rimraf": "2.6.2"
          }
        },
        "fstream-ignore": {
          "version": "1.0.5",
          "bundled": true,
          "dev": true,
          "requires": {
            "fstream": "1.0.11",
            "inherits": "2.0.3",
            "minimatch": "3.0.4"
          }
        },
        "gauge": {
          "version": "2.7.4",
          "bundled": true,
          "dev": true,
          "requires": {
            "aproba": "1.2.0",
            "console-control-strings": "1.1.0",
            "has-unicode": "2.0.1",
            "object-assign": "4.1.1",
            "signal-exit": "3.0.2",
            "string-width": "1.0.2",
            "strip-ansi": "3.0.1",
            "wide-align": "1.1.2"
          }
        },
        "getpass": {
          "version": "0.1.7",
          "bundled": true,
          "dev": true,
          "requires": {
            "assert-plus": "1.0.0"
          },
          "dependencies": {
            "assert-plus": {
              "version": "1.0.0",
              "bundled": true,
              "dev": true
            }
          }
        },
        "glob": {
          "version": "7.1.2",
          "bundled": true,
          "dev": true,
          "requires": {
            "fs.realpath": "1.0.0",
            "inflight": "1.0.6",
            "inherits": "2.0.3",
            "minimatch": "3.0.4",
            "once": "1.4.0",
            "path-is-absolute": "1.0.1"
          }
        },
        "graceful-fs": {
          "version": "4.1.11",
          "bundled": true,
          "dev": true
        },
        "har-schema": {
          "version": "1.0.5",
          "bundled": true,
          "dev": true
        },
        "har-validator": {
          "version": "4.2.1",
          "bundled": true,
          "dev": true,
          "requires": {
            "ajv": "4.11.8",
            "har-schema": "1.0.5"
          }
        },
        "has-unicode": {
          "version": "2.0.1",
          "bundled": true,
          "dev": true
        },
        "hawk": {
          "version": "3.1.3",
          "bundled": true,
          "dev": true,
          "requires": {
            "boom": "2.10.1",
            "cryptiles": "2.0.5",
            "hoek": "2.16.3",
            "sntp": "1.0.9"
          }
        },
        "hoek": {
          "version": "2.16.3",
          "bundled": true,
          "dev": true
        },
        "http-signature": {
          "version": "1.1.1",
          "bundled": true,
          "dev": true,
          "requires": {
            "assert-plus": "0.2.0",
            "jsprim": "1.4.1",
            "sshpk": "1.13.1"
          }
        },
        "inflight": {
          "version": "1.0.6",
          "bundled": true,
          "dev": true,
          "requires": {
            "once": "1.4.0",
            "wrappy": "1.0.2"
          }
        },
        "inherits": {
          "version": "2.0.3",
          "bundled": true,
          "dev": true
        },
        "ini": {
          "version": "1.3.4",
          "bundled": true,
          "dev": true
        },
        "is-fullwidth-code-point": {
          "version": "1.0.0",
          "bundled": true,
          "dev": true,
          "requires": {
            "number-is-nan": "1.0.1"
          }
        },
        "is-typedarray": {
          "version": "1.0.0",
          "bundled": true,
          "dev": true
        },
        "isarray": {
          "version": "1.0.0",
          "bundled": true,
          "dev": true
        },
        "isstream": {
          "version": "0.1.2",
          "bundled": true,
          "dev": true
        },
        "jsbn": {
          "version": "0.1.1",
          "bundled": true,
          "dev": true,
          "optional": true
        },
        "json-schema": {
          "version": "0.2.3",
          "bundled": true,
          "dev": true
        },
        "json-stable-stringify": {
          "version": "1.0.1",
          "bundled": true,
          "dev": true,
          "requires": {
            "jsonify": "0.0.0"
          }
        },
        "json-stringify-safe": {
          "version": "5.0.1",
          "bundled": true,
          "dev": true
        },
        "jsonify": {
          "version": "0.0.0",
          "bundled": true,
          "dev": true
        },
        "jsprim": {
          "version": "1.4.1",
          "bundled": true,
          "dev": true,
          "requires": {
            "assert-plus": "1.0.0",
            "extsprintf": "1.3.0",
            "json-schema": "0.2.3",
            "verror": "1.10.0"
          },
          "dependencies": {
            "assert-plus": {
              "version": "1.0.0",
              "bundled": true,
              "dev": true
            }
          }
        },
        "mime-db": {
          "version": "1.30.0",
          "bundled": true,
          "dev": true
        },
        "mime-types": {
          "version": "2.1.17",
          "bundled": true,
          "dev": true,
          "requires": {
            "mime-db": "1.30.0"
          }
        },
        "minimatch": {
          "version": "3.0.4",
          "bundled": true,
          "dev": true,
          "requires": {
            "brace-expansion": "1.1.8"
          }
        },
        "minimist": {
          "version": "0.0.8",
          "bundled": true,
          "dev": true
        },
        "mkdirp": {
          "version": "0.5.1",
          "bundled": true,
          "dev": true,
          "requires": {
            "minimist": "0.0.8"
          }
        },
        "ms": {
          "version": "2.0.0",
          "bundled": true,
          "dev": true
        },
        "node-pre-gyp": {
          "version": "0.6.38",
          "bundled": true,
          "dev": true,
          "requires": {
            "hawk": "3.1.3",
            "mkdirp": "0.5.1",
            "nopt": "4.0.1",
            "npmlog": "4.1.2",
            "rc": "1.2.1",
            "request": "2.81.0",
            "rimraf": "2.6.2",
            "semver": "5.4.1",
            "tar": "2.2.1",
            "tar-pack": "3.4.0"
          }
        },
        "nopt": {
          "version": "4.0.1",
          "bundled": true,
          "dev": true,
          "requires": {
            "abbrev": "1.1.1",
            "osenv": "0.1.4"
          }
        },
        "npmlog": {
          "version": "4.1.2",
          "bundled": true,
          "dev": true,
          "requires": {
            "are-we-there-yet": "1.1.4",
            "console-control-strings": "1.1.0",
            "gauge": "2.7.4",
            "set-blocking": "2.0.0"
          }
        },
        "number-is-nan": {
          "version": "1.0.1",
          "bundled": true,
          "dev": true
        },
        "oauth-sign": {
          "version": "0.8.2",
          "bundled": true,
          "dev": true
        },
        "object-assign": {
          "version": "4.1.1",
          "bundled": true,
          "dev": true
        },
        "once": {
          "version": "1.4.0",
          "bundled": true,
          "dev": true,
          "requires": {
            "wrappy": "1.0.2"
          }
        },
        "os-homedir": {
          "version": "1.0.2",
          "bundled": true,
          "dev": true
        },
        "os-tmpdir": {
          "version": "1.0.2",
          "bundled": true,
          "dev": true
        },
        "osenv": {
          "version": "0.1.4",
          "bundled": true,
          "dev": true,
          "requires": {
            "os-homedir": "1.0.2",
            "os-tmpdir": "1.0.2"
          }
        },
        "path-is-absolute": {
          "version": "1.0.1",
          "bundled": true,
          "dev": true
        },
        "performance-now": {
          "version": "0.2.0",
          "bundled": true,
          "dev": true
        },
        "process-nextick-args": {
          "version": "1.0.7",
          "bundled": true,
          "dev": true
        },
        "punycode": {
          "version": "1.4.1",
          "bundled": true,
          "dev": true
        },
        "qs": {
          "version": "6.4.0",
          "bundled": true,
          "dev": true
        },
        "rc": {
          "version": "1.2.1",
          "bundled": true,
          "dev": true,
          "requires": {
            "deep-extend": "0.4.2",
            "ini": "1.3.4",
            "minimist": "1.2.0",
            "strip-json-comments": "2.0.1"
          },
          "dependencies": {
            "minimist": {
              "version": "1.2.0",
              "bundled": true,
              "dev": true
            }
          }
        },
        "readable-stream": {
          "version": "2.3.3",
          "bundled": true,
          "dev": true,
          "requires": {
            "core-util-is": "1.0.2",
            "inherits": "2.0.3",
            "isarray": "1.0.0",
            "process-nextick-args": "1.0.7",
            "safe-buffer": "5.1.1",
            "string_decoder": "1.0.3",
            "util-deprecate": "1.0.2"
          }
        },
        "request": {
          "version": "2.81.0",
          "bundled": true,
          "dev": true,
          "requires": {
            "aws-sign2": "0.6.0",
            "aws4": "1.6.0",
            "caseless": "0.12.0",
            "combined-stream": "1.0.5",
            "extend": "3.0.1",
            "forever-agent": "0.6.1",
            "form-data": "2.1.4",
            "har-validator": "4.2.1",
            "hawk": "3.1.3",
            "http-signature": "1.1.1",
            "is-typedarray": "1.0.0",
            "isstream": "0.1.2",
            "json-stringify-safe": "5.0.1",
            "mime-types": "2.1.17",
            "oauth-sign": "0.8.2",
            "performance-now": "0.2.0",
            "qs": "6.4.0",
            "safe-buffer": "5.1.1",
            "stringstream": "0.0.5",
            "tough-cookie": "2.3.3",
            "tunnel-agent": "0.6.0",
            "uuid": "3.1.0"
          }
        },
        "rimraf": {
          "version": "2.6.2",
          "bundled": true,
          "dev": true,
          "requires": {
            "glob": "7.1.2"
          }
        },
        "safe-buffer": {
          "version": "5.1.1",
          "bundled": true,
          "dev": true
        },
        "semver": {
          "version": "5.4.1",
          "bundled": true,
          "dev": true
        },
        "set-blocking": {
          "version": "2.0.0",
          "bundled": true,
          "dev": true
        },
        "signal-exit": {
          "version": "3.0.2",
          "bundled": true,
          "dev": true
        },
        "sntp": {
          "version": "1.0.9",
          "bundled": true,
          "dev": true,
          "requires": {
            "hoek": "2.16.3"
          }
        },
        "sshpk": {
          "version": "1.13.1",
          "bundled": true,
          "dev": true,
          "requires": {
            "asn1": "0.2.3",
            "assert-plus": "1.0.0",
            "bcrypt-pbkdf": "1.0.1",
            "dashdash": "1.14.1",
            "ecc-jsbn": "0.1.1",
            "getpass": "0.1.7",
            "jsbn": "0.1.1",
            "tweetnacl": "0.14.5"
          },
          "dependencies": {
            "assert-plus": {
              "version": "1.0.0",
              "bundled": true,
              "dev": true
            }
          }
        },
        "string-width": {
          "version": "1.0.2",
          "bundled": true,
          "dev": true,
          "requires": {
            "code-point-at": "1.1.0",
            "is-fullwidth-code-point": "1.0.0",
            "strip-ansi": "3.0.1"
          }
        },
        "string_decoder": {
          "version": "1.0.3",
          "bundled": true,
          "dev": true,
          "requires": {
            "safe-buffer": "5.1.1"
          }
        },
        "stringstream": {
          "version": "0.0.5",
          "bundled": true,
          "dev": true
        },
        "strip-ansi": {
          "version": "3.0.1",
          "bundled": true,
          "dev": true,
          "requires": {
            "ansi-regex": "2.1.1"
          }
        },
        "strip-json-comments": {
          "version": "2.0.1",
          "bundled": true,
          "dev": true
        },
        "tar": {
          "version": "2.2.1",
          "bundled": true,
          "dev": true,
          "requires": {
            "block-stream": "0.0.9",
            "fstream": "1.0.11",
            "inherits": "2.0.3"
          }
        },
        "tar-pack": {
          "version": "3.4.0",
          "bundled": true,
          "dev": true,
          "requires": {
            "debug": "2.6.9",
            "fstream": "1.0.11",
            "fstream-ignore": "1.0.5",
            "once": "1.4.0",
            "readable-stream": "2.3.3",
            "rimraf": "2.6.2",
            "tar": "2.2.1",
            "uid-number": "0.0.6"
          }
        },
        "tough-cookie": {
          "version": "2.3.3",
          "bundled": true,
          "dev": true,
          "requires": {
            "punycode": "1.4.1"
          }
        },
        "tunnel-agent": {
          "version": "0.6.0",
          "bundled": true,
          "dev": true,
          "requires": {
            "safe-buffer": "5.1.1"
          }
        },
        "tweetnacl": {
          "version": "0.14.5",
          "bundled": true,
          "dev": true,
          "optional": true
        },
        "uid-number": {
          "version": "0.0.6",
          "bundled": true,
          "dev": true
        },
        "util-deprecate": {
          "version": "1.0.2",
          "bundled": true,
          "dev": true
        },
        "uuid": {
          "version": "3.1.0",
          "bundled": true,
          "dev": true
        },
        "verror": {
          "version": "1.10.0",
          "bundled": true,
          "dev": true,
          "requires": {
            "assert-plus": "1.0.0",
            "core-util-is": "1.0.2",
            "extsprintf": "1.3.0"
          },
          "dependencies": {
            "assert-plus": {
              "version": "1.0.0",
              "bundled": true,
              "dev": true
            }
          }
        },
        "wide-align": {
          "version": "1.1.2",
          "bundled": true,
          "dev": true,
          "requires": {
            "string-width": "1.0.2"
          }
        },
        "wrappy": {
          "version": "1.0.2",
          "bundled": true,
          "dev": true
        }
      }
    },
    "terraformer": {
      "version": "1.0.8",
      "resolved": "http://localhost:4873/terraformer/-/terraformer-1.0.8.tgz",
      "integrity": "sha1-UeCtiXRvzyFh3G9lqnDkI3fItZM=",
      "requires": {
        "@types/geojson": "1.0.6"
      }
    },
    "terraformer-wkt-parser": {
      "version": "1.1.2",
      "resolved": "http://localhost:4873/terraformer-wkt-parser/-/terraformer-wkt-parser-1.1.2.tgz",
      "integrity": "sha1-M2oMj8gglKWv+DKI9prt7NNpvww=",
      "requires": {
        "terraformer": "1.0.8"
      }
    },
    "toposort-class": {
      "version": "1.0.1",
      "resolved": "http://localhost:4873/toposort-class/-/toposort-class-1.0.1.tgz",
      "integrity": "sha1-f/0feMi+KMO6Rc1OGj9e4ZO9mYg="
    },
    "typescript": {
      "version": "2.4.1",
      "resolved": "http://localhost:4873/typescript/-/typescript-2.4.1.tgz",
      "integrity": "sha1-w8yxbdqgsjFN4DHn5v7onlujRrw=",
      "dev": true
    },
    "uuid": {
      "version": "3.1.0",
      "resolved": "http://localhost:4873/uuid/-/uuid-3.1.0.tgz",
      "integrity": "sha512-DIWtzUkw04M4k3bf1IcpS2tngXEL26YUD2M0tMDUpnUrz2hgzUBlD55a4FjdLGPvfHxS6uluGWvaVEqgBcVa+g=="
    },
    "validator": {
      "version": "8.2.0",
      "resolved": "http://localhost:4873/validator/-/validator-8.2.0.tgz",
      "integrity": "sha512-Yw5wW34fSv5spzTXNkokD6S6/Oq92d8q/t14TqsS3fAiA1RYnxSFSIZ+CY3n6PGGRCq5HhJTSepQvFUS2QUDxA=="
    },
    "wkx": {
      "version": "0.4.2",
      "resolved": "http://localhost:4873/wkx/-/wkx-0.4.2.tgz",
      "integrity": "sha1-d201pjSlwi5lbkdEvetU+D/Szo0=",
      "requires": {
        "@types/node": "8.0.50"
      },
      "dependencies": {
        "@types/node": {
          "version": "8.0.50",
          "resolved": "http://localhost:4873/@types%2fnode/-/node-8.0.50.tgz",
          "integrity": "sha512-N9OVsMBspboNvYaLAQnLEhb2eQ96lavogMR5LoH5k8nb1PvBZHSBFhzhsq2LNzGTBBOtBviOc1GiSu+wlM/pGw=="
        }
      }
    },
    "wrappy": {
      "version": "1.0.2",
      "resolved": "http://localhost:4873/wrappy/-/wrappy-1.0.2.tgz",
      "integrity": "sha1-tSQ9jz7BqjXxNkYFvA0QNuMKtp8=",
      "dev": true
    }
  }
}
