{
  "name": "@nge/api",
  "version": "1.0.0",
  "lockfileVersion": 1,
  "requires": true,
  "dependencies": {
    "@types/boom": {
      "version": "4.3.5",
      "resolved": "https://registry.npmjs.org/@types/boom/-/boom-4.3.5.tgz",
      "integrity": "sha512-lZj4Hyzb7X1iUXqh/T6Clml5IwguLyeEBschDvtIYzT2/QlB42vWBuEzq1bgr0dsQDf1NSapbZLkaT/ollvTDg==",
      "dev": true
    },
    "@types/catbox": {
      "version": "7.1.1",
      "resolved": "https://registry.npmjs.org/@types/catbox/-/catbox-7.1.1.tgz",
      "integrity": "sha512-S6Hcocp4SIIjCMj7VxKt9m2mnIKUnJhqtur2g5XtLQRqiOuzjZ9CfQ8/S0no/a4PV5OeJqbJ3aoccwiAuUS1Mw==",
      "dev": true,
      "requires": {
        "@types/boom": "4.3.5"
      }
    },
    "@types/hapi": {
      "version": "16.1.6",
      "resolved": "https://registry.npmjs.org/@types/hapi/-/hapi-16.1.6.tgz",
      "integrity": "sha512-qUx2wKbk7z5LOFbOSVw7TsNo8cYO/7FiGlOiztXRikhhYhtEiTjTGYtAhJeLYd7fS6JIDAFdyeTBtq3ngHWcqQ==",
      "dev": true,
      "requires": {
        "@types/boom": "4.3.5",
        "@types/catbox": "7.1.1",
        "@types/joi": "10.4.0",
        "@types/mimos": "3.0.0",
        "@types/node": "8.0.7",
        "@types/podium": "1.0.0",
        "@types/shot": "3.4.0"
      }
    },
    "@types/joi": {
      "version": "10.4.0",
      "resolved": "https://registry.npmjs.org/@types/joi/-/joi-10.4.0.tgz",
      "integrity": "sha512-YWG77KJ29DMSPbpFVvcMvafUPAkqXg1e2syk73pm5AOVtOfiHYj6J5EKbqCJe6NRwAQXuf0V8t9zvbRgKbkxHw==",
      "dev": true
    },
    "@types/mime-db": {
      "version": "1.27.0",
      "resolved": "https://registry.npmjs.org/@types/mime-db/-/mime-db-1.27.0.tgz",
      "integrity": "sha1-m8AUof0f30dknBpUxt15ZrgoR5I=",
      "dev": true
    },
    "@types/mimos": {
      "version": "3.0.0",
      "resolved": "https://registry.npmjs.org/@types/mimos/-/mimos-3.0.0.tgz",
      "integrity": "sha1-IDVuc4HpUpwqfnZMeYvlpIze/5Y=",
      "dev": true,
      "requires": {
        "@types/mime-db": "1.27.0"
      }
    },
    "@types/node": {
      "version": "8.0.7",
      "resolved": "https://registry.npmjs.org/@types/node/-/node-8.0.7.tgz",
      "integrity": "sha512-fuCPLPe4yY0nv6Z1rTLFCEC452jl0k7i3gF/c8hdEKpYtEpt6Sk67hTGbxx8C0wmifFGPvKYd/O8CvS6dpgxMQ==",
      "dev": true
    },
    "@types/podium": {
      "version": "1.0.0",
      "resolved": "https://registry.npmjs.org/@types/podium/-/podium-1.0.0.tgz",
      "integrity": "sha1-v6ohUb4rHWEJzGn3+qnawsujuyA=",
      "dev": true
    },
    "@types/shot": {
      "version": "3.4.0",
      "resolved": "https://registry.npmjs.org/@types/shot/-/shot-3.4.0.tgz",
      "integrity": "sha1-RZR3xRh9Pr0wNmCrCZ5+ng87ZW8=",
      "dev": true,
      "requires": {
        "@types/node": "8.0.7"
      }
    },
    "accept": {
      "version": "2.1.4",
      "resolved": "https://registry.npmjs.org/accept/-/accept-2.1.4.tgz",
      "integrity": "sha1-iHr1TO7lx/RDBGGXHsQAxh0JrLs=",
      "requires": {
        "boom": "5.1.0",
        "hoek": "4.1.1"
      }
    },
    "ammo": {
      "version": "2.0.4",
      "resolved": "https://registry.npmjs.org/ammo/-/ammo-2.0.4.tgz",
      "integrity": "sha1-v4CqshFpjqePY+9efxE91dnokX8=",
      "requires": {
        "boom": "5.1.0",
        "hoek": "4.1.1"
      }
    },
    "ansi-regex": {
      "version": "2.1.1",
      "resolved": "https://registry.npmjs.org/ansi-regex/-/ansi-regex-2.1.1.tgz",
      "integrity": "sha1-w7M6te42DYbg5ijwRorn7yfWVN8=",
      "dev": true
    },
    "ansi-styles": {
      "version": "2.2.1",
      "resolved": "https://registry.npmjs.org/ansi-styles/-/ansi-styles-2.2.1.tgz",
      "integrity": "sha1-tDLdM1i2NM914eRmQ2gkBTPB3b4=",
      "dev": true
    },
    "b64": {
      "version": "3.0.2",
      "resolved": "https://registry.npmjs.org/b64/-/b64-3.0.2.tgz",
      "integrity": "sha1-ep1gRmrfe43hFMvfZRpf38yQiU0="
    },
    "boom": {
      "version": "5.1.0",
      "resolved": "https://registry.npmjs.org/boom/-/boom-5.1.0.tgz",
      "integrity": "sha1-Awj6jpJM1tQtnDv0iDvcmPDnHfg=",
      "requires": {
        "hoek": "4.1.1"
      }
    },
    "call": {
      "version": "4.0.2",
      "resolved": "https://registry.npmjs.org/call/-/call-4.0.2.tgz",
      "integrity": "sha1-33b19R7o3Ui4VqyEAPfmnm1zmcQ=",
      "requires": {
        "boom": "5.1.0",
        "hoek": "4.1.1"
      }
    },
    "catbox": {
      "version": "7.1.4",
      "resolved": "https://registry.npmjs.org/catbox/-/catbox-7.1.4.tgz",
      "integrity": "sha1-ipUO0YtkuoCIwa4TLoXFhHnStsw=",
      "requires": {
        "boom": "5.1.0",
        "hoek": "4.1.1",
        "joi": "10.6.0"
      }
    },
    "catbox-memory": {
      "version": "2.0.4",
      "resolved": "https://registry.npmjs.org/catbox-memory/-/catbox-memory-2.0.4.tgz",
      "integrity": "sha1-Qz4lWQLK9UIz0ShkKcj03xToItU=",
      "requires": {
        "hoek": "4.1.1"
      }
    },
    "chalk": {
      "version": "1.1.3",
      "resolved": "https://registry.npmjs.org/chalk/-/chalk-1.1.3.tgz",
      "integrity": "sha1-qBFcVeSnAv5NFQq9OHKCKn4J/Jg=",
      "dev": true,
      "requires": {
        "ansi-styles": "2.2.1",
        "escape-string-regexp": "1.0.5",
        "has-ansi": "2.0.0",
        "strip-ansi": "3.0.1",
        "supports-color": "2.0.0"
      }
    },
    "content": {
      "version": "3.0.4",
      "resolved": "https://registry.npmjs.org/content/-/content-3.0.4.tgz",
      "integrity": "sha1-yj3eBEgPElGbcVJuxEvUiN37P+8=",
      "requires": {
        "boom": "5.1.0"
      }
    },
    "cryptiles": {
      "version": "3.1.2",
      "resolved": "https://registry.npmjs.org/cryptiles/-/cryptiles-3.1.2.tgz",
      "integrity": "sha1-qJ+7Ig9c4l7FboxKqKT9e1sNKf4=",
      "requires": {
        "boom": "5.1.0"
      }
    },
    "escape-string-regexp": {
      "version": "1.0.5",
      "resolved": "https://registry.npmjs.org/escape-string-regexp/-/escape-string-regexp-1.0.5.tgz",
      "integrity": "sha1-G2HAViGQqN/2rjuyzwIAyhMLhtQ=",
      "dev": true
    },
    "hapi": {
      "version": "16.4.3",
      "resolved": "https://registry.npmjs.org/hapi/-/hapi-16.4.3.tgz",
      "integrity": "sha512-1jN2dj3KeNAHWs5/rFCGPjYyyoDqG1orkwJyL1OHjbODnhsCbZ6AQOgroOUyNUCH3KCZ6dU/dimAW83gJiBjsA==",
      "requires": {
        "accept": "2.1.4",
        "ammo": "2.0.4",
        "boom": "5.1.0",
        "call": "4.0.2",
        "catbox": "7.1.4",
        "catbox-memory": "2.0.4",
        "cryptiles": "3.1.2",
        "heavy": "4.0.4",
        "hoek": "4.1.1",
        "iron": "4.0.5",
        "items": "2.1.1",
        "joi": "10.6.0",
        "mimos": "3.0.3",
        "podium": "1.2.5",
        "shot": "3.4.2",
        "statehood": "5.0.2",
        "subtext": "4.4.1",
        "topo": "2.0.2"
      }
    },
    "has-ansi": {
      "version": "2.0.0",
      "resolved": "https://registry.npmjs.org/has-ansi/-/has-ansi-2.0.0.tgz",
      "integrity": "sha1-NPUEnOHs3ysGSa8+8k5F7TVBbZE=",
      "dev": true,
      "requires": {
        "ansi-regex": "2.1.1"
      }
    },
    "heavy": {
      "version": "4.0.4",
      "resolved": "https://registry.npmjs.org/heavy/-/heavy-4.0.4.tgz",
      "integrity": "sha1-NskTNsAMz+hSyqTRUwhjNc0vAOk=",
      "requires": {
        "boom": "5.1.0",
        "hoek": "4.1.1",
        "joi": "10.6.0"
      }
    },
    "hoek": {
      "version": "4.1.1",
      "resolved": "https://registry.npmjs.org/hoek/-/hoek-4.1.1.tgz",
      "integrity": "sha1-nMVz/7ore0CPtenCoTeWvpTN3Ok="
    },
    "iron": {
      "version": "4.0.5",
      "resolved": "https://registry.npmjs.org/iron/-/iron-4.0.5.tgz",
      "integrity": "sha1-TwQszri5c480a1mqc0yDqJvDFCg=",
      "requires": {
        "boom": "5.1.0",
        "cryptiles": "3.1.2",
        "hoek": "4.1.1"
      }
    },
    "isemail": {
      "version": "2.2.1",
      "resolved": "https://registry.npmjs.org/isemail/-/isemail-2.2.1.tgz",
      "integrity": "sha1-A1PT2aYpUQgMJiwqoKQrjqjp4qY="
    },
    "items": {
      "version": "2.1.1",
      "resolved": "https://registry.npmjs.org/items/-/items-2.1.1.tgz",
      "integrity": "sha1-i9FtnIOxlSneWuoyGsqtp4NkoZg="
    },
    "joi": {
      "version": "10.6.0",
      "resolved": "https://registry.npmjs.org/joi/-/joi-10.6.0.tgz",
      "integrity": "sha512-hBF3LcqyAid+9X/pwg+eXjD2QBZI5eXnBFJYaAkH4SK3mp9QSRiiQnDYlmlz5pccMvnLcJRS4whhDOTCkmsAdQ==",
      "requires": {
        "hoek": "4.1.1",
        "isemail": "2.2.1",
        "items": "2.1.1",
        "topo": "2.0.2"
      }
    },
    "mime-db": {
      "version": "1.28.0",
      "resolved": "https://registry.npmjs.org/mime-db/-/mime-db-1.28.0.tgz",
      "integrity": "sha1-/t00m+BtKGW3/FfYN8beTxfXrDw="
    },
    "mimos": {
      "version": "3.0.3",
      "resolved": "https://registry.npmjs.org/mimos/-/mimos-3.0.3.tgz",
      "integrity": "sha1-uRCQcq03jCty9qAQHEPd+ys2ZB8=",
      "requires": {
        "hoek": "4.1.1",
        "mime-db": "1.28.0"
      }
    },
    "minimist": {
      "version": "1.2.0",
      "resolved": "https://registry.npmjs.org/minimist/-/minimist-1.2.0.tgz",
      "integrity": "sha1-o1AIsg9BOD7sH7kU9M1d95omQoQ=",
      "dev": true
    },
    "nigel": {
      "version": "2.0.2",
      "resolved": "https://registry.npmjs.org/nigel/-/nigel-2.0.2.tgz",
      "integrity": "sha1-k6GGb7DFLYc5CqdeKxYfS1x15bE=",
      "requires": {
        "hoek": "4.1.1",
        "vise": "2.0.2"
      }
    },
    "npm-link-shared": {
      "version": "0.5.1",
      "resolved": "https://registry.npmjs.org/npm-link-shared/-/npm-link-shared-0.5.1.tgz",
      "integrity": "sha1-TIK/6JuFj/StdXbRDfV6FeGKKB0=",
      "dev": true,
      "requires": {
        "chalk": "1.1.3",
        "minimist": "1.2.0",
        "string": "3.3.3"
      }
    },
    "pez": {
      "version": "2.1.5",
      "resolved": "https://registry.npmjs.org/pez/-/pez-2.1.5.tgz",
      "integrity": "sha1-XsLMYlAMw+tCNtSkFM9aF7XrUAc=",
      "requires": {
        "b64": "3.0.2",
        "boom": "5.1.0",
        "content": "3.0.4",
        "hoek": "4.1.1",
        "nigel": "2.0.2"
      }
    },
    "podium": {
      "version": "1.2.5",
      "resolved": "https://registry.npmjs.org/podium/-/podium-1.2.5.tgz",
      "integrity": "sha1-h8VmwvA2W88KHsdgLE0BlIzdKtU=",
      "requires": {
        "hoek": "4.1.1",
        "items": "2.1.1",
        "joi": "10.6.0"
      }
    },
    "shot": {
      "version": "3.4.2",
      "resolved": "https://registry.npmjs.org/shot/-/shot-3.4.2.tgz",
      "integrity": "sha1-Hlw/bysmZJrcQvfrNQIUpaApHWc=",
      "requires": {
        "hoek": "4.1.1",
        "joi": "10.6.0"
      }
    },
    "statehood": {
      "version": "5.0.2",
      "resolved": "https://registry.npmjs.org/statehood/-/statehood-5.0.2.tgz",
      "integrity": "sha1-xrO6oW7YsSHT8Jo/+oXiIZWn8qk=",
      "requires": {
        "boom": "5.1.0",
        "cryptiles": "3.1.2",
        "hoek": "4.1.1",
        "iron": "4.0.5",
        "items": "2.1.1",
        "joi": "10.6.0"
      }
    },
    "string": {
      "version": "3.3.3",
      "resolved": "https://registry.npmjs.org/string/-/string-3.3.3.tgz",
      "integrity": "sha1-XqIRzZLSKOGEKUmQpsyXs2anfLA=",
      "dev": true
    },
    "strip-ansi": {
      "version": "3.0.1",
      "resolved": "https://registry.npmjs.org/strip-ansi/-/strip-ansi-3.0.1.tgz",
      "integrity": "sha1-ajhfuIU9lS1f8F0Oiq+UJ43GPc8=",
      "dev": true,
      "requires": {
        "ansi-regex": "2.1.1"
      }
    },
    "subtext": {
      "version": "4.4.1",
      "resolved": "https://registry.npmjs.org/subtext/-/subtext-4.4.1.tgz",
      "integrity": "sha1-L87JRd5CkoPD0YsVH/D6HxuHrsk=",
      "requires": {
        "boom": "5.1.0",
        "content": "3.0.4",
        "hoek": "4.1.1",
        "pez": "2.1.5",
        "wreck": "12.2.2"
      }
    },
    "supports-color": {
      "version": "2.0.0",
      "resolved": "https://registry.npmjs.org/supports-color/-/supports-color-2.0.0.tgz",
      "integrity": "sha1-U10EXOa2Nj+kARcIRimZXp3zJMc=",
      "dev": true
    },
    "topo": {
      "version": "2.0.2",
      "resolved": "https://registry.npmjs.org/topo/-/topo-2.0.2.tgz",
      "integrity": "sha1-zVYVdSU5BXwNwEkaYhw7xvvh0YI=",
      "requires": {
        "hoek": "4.1.1"
      }
    },
    "typescript": {
      "version": "2.4.1",
      "resolved": "https://registry.npmjs.org/typescript/-/typescript-2.4.1.tgz",
      "integrity": "sha1-w8yxbdqgsjFN4DHn5v7onlujRrw=",
      "dev": true
    },
    "vise": {
      "version": "2.0.2",
      "resolved": "https://registry.npmjs.org/vise/-/vise-2.0.2.tgz",
      "integrity": "sha1-awjo+0y3bjpQzW3Q7DczjoEaDTk=",
      "requires": {
        "hoek": "4.1.1"
      }
    },
    "wreck": {
      "version": "12.2.2",
      "resolved": "https://registry.npmjs.org/wreck/-/wreck-12.2.2.tgz",
      "integrity": "sha1-4hgj00w21nIATu+jR66MT2BQ49s=",
      "requires": {
        "boom": "5.1.0",
        "hoek": "4.1.1"
      }
    }
  }
}
