{
  "name": "@nge/api",
  "version": "1.0.0",
  "lockfileVersion": 1,
  "requires": true,
  "dependencies": {
    "@nge/ioc-core": {
      "version": "0.1.0",
      "resolved": "http://localhost:4873/@nge%2fioc-core/-/ioc-core-0.1.0.tgz",
      "integrity": "sha512-ZoMaD/x0YZ99FRkq45Xv2cRl39E5Nn4EKoPmZR1u33RJBWbR4zCYJs3mz/JfABsQlFcmL40D1VHRryGc5g7IVA=="
    },
    "@nge/ioc-inversify": {
      "version": "0.1.0",
      "resolved": "http://localhost:4873/@nge%2fioc-inversify/-/ioc-inversify-0.1.0.tgz",
      "integrity": "sha512-qk5tFKuylPtMEw4D6KYWwJHAVtlFZnN9Gc0ExAx8WAzcNYdWWe6NICcr9u/7GSelCxRPFwNnL75/CP5sRXVsbQ==",
      "requires": {
        "@nge/ioc-core": "0.1.0",
        "inversify": "4.2.0",
        "reflect-metadata": "0.1.10"
      }
    },
    "@nge/logging-core": {
      "version": "0.1.0",
      "resolved": "http://localhost:4873/@nge%2flogging-core/-/logging-core-0.1.0.tgz",
      "integrity": "sha512-UabgPS7AO46Bs7zWuEsRf/wmR0Oq/2YTkyrApLaGhSD8Jx0+E+KUQj9dw2ifin/MzdzYiPrB2RHdpa6zmqUwBQ==",
      "requires": {
        "@nge/ioc-core": "0.1.0"
      }
    },
    "@types/boom": {
      "version": "4.3.7",
      "resolved": "http://localhost:4873/@types%2fboom/-/boom-4.3.7.tgz",
      "integrity": "sha512-z6CT5iHAtBUib2JQwwiGVKHESAk5Elfwn0HFlpLC4rwpTtgCa1P5OCFzfCmF3vSpgYoZKm+3fh6sgFWJwwb8fw==",
      "dev": true
    },
    "@types/catbox": {
      "version": "7.1.3",
      "resolved": "http://localhost:4873/@types%2fcatbox/-/catbox-7.1.3.tgz",
      "integrity": "sha512-gpCXh6swH1/hUuWuozT70FJNgDj9Z0LV6P5sDW7/LPONolPiQYpq+XueImVQ9jyKips4k+Vi3Z7ooeHf8B8/qA==",
      "dev": true,
      "requires": {
        "@types/boom": "4.3.7"
      }
    },
    "@types/hapi": {
      "version": "16.1.6",
      "resolved": "http://localhost:4873/@types%2fhapi/-/hapi-16.1.6.tgz",
      "integrity": "sha512-qUx2wKbk7z5LOFbOSVw7TsNo8cYO/7FiGlOiztXRikhhYhtEiTjTGYtAhJeLYd7fS6JIDAFdyeTBtq3ngHWcqQ==",
      "dev": true,
      "requires": {
        "@types/boom": "4.3.7",
        "@types/catbox": "7.1.3",
        "@types/joi": "10.4.3",
        "@types/mimos": "3.0.1",
        "@types/node": "8.0.29",
        "@types/podium": "1.0.0",
        "@types/shot": "3.4.0"
      }
    },
    "@types/joi": {
      "version": "10.4.3",
      "resolved": "http://localhost:4873/@types%2fjoi/-/joi-10.4.3.tgz",
      "integrity": "sha512-yNmcujVjN/eUiSLUCmClHxIgQ3MapmiBpdhkTviaaEmLb8bJaN6d5P0Y5/r0iRpRjB7mkZYXendvpCbEjhbcZA==",
      "dev": true
    },
    "@types/mime-db": {
      "version": "1.27.0",
      "resolved": "http://localhost:4873/@types%2fmime-db/-/mime-db-1.27.0.tgz",
      "integrity": "sha1-m8AUof0f30dknBpUxt15ZrgoR5I=",
      "dev": true
    },
    "@types/mimos": {
      "version": "3.0.1",
      "resolved": "http://localhost:4873/@types%2fmimos/-/mimos-3.0.1.tgz",
      "integrity": "sha512-MATIRH4VMIJki8lcYUZdNQEHuAG7iQ1FWwoLgxV+4fUOly2xZYdhHtGgvQyWiTeJqq2tZbE0nOOgZD6pR0FpNQ==",
      "dev": true,
      "requires": {
        "@types/mime-db": "1.27.0"
      }
    },
    "@types/node": {
      "version": "8.0.29",
      "resolved": "http://localhost:4873/@types%2fnode/-/node-8.0.29.tgz",
      "integrity": "sha512-C5h3jl321dtwQJJAl6poPm7YmDneEv1cpRMZxJ7vlH03XN6OQix4LxTHBBZBj/aPVhlO2dO5fbfgdxYkn2ArKw==",
      "dev": true
    },
    "@types/podium": {
      "version": "1.0.0",
      "resolved": "http://localhost:4873/@types%2fpodium/-/podium-1.0.0.tgz",
      "integrity": "sha1-v6ohUb4rHWEJzGn3+qnawsujuyA=",
      "dev": true
    },
    "@types/shot": {
      "version": "3.4.0",
      "resolved": "http://localhost:4873/@types%2fshot/-/shot-3.4.0.tgz",
      "integrity": "sha1-RZR3xRh9Pr0wNmCrCZ5+ng87ZW8=",
      "dev": true,
      "requires": {
        "@types/node": "8.0.29"
      }
    },
    "accept": {
      "version": "2.1.4",
      "resolved": "http://localhost:4873/accept/-/accept-2.1.4.tgz",
      "integrity": "sha1-iHr1TO7lx/RDBGGXHsQAxh0JrLs=",
      "requires": {
        "boom": "5.2.0",
        "hoek": "4.2.0"
      }
    },
    "ammo": {
      "version": "2.0.4",
      "resolved": "http://localhost:4873/ammo/-/ammo-2.0.4.tgz",
      "integrity": "sha1-v4CqshFpjqePY+9efxE91dnokX8=",
      "requires": {
        "boom": "5.2.0",
        "hoek": "4.2.0"
      }
    },
    "b64": {
      "version": "3.0.3",
      "resolved": "http://localhost:4873/b64/-/b64-3.0.3.tgz",
      "integrity": "sha512-Pbeh0i6OLubPJdIdCepn8ZQHwN2MWznZHbHABSTEfQ706ie+yuxNSaPdqX1xRatT6WanaS1EazMiSg0NUW2XxQ=="
    },
    "boom": {
      "version": "5.2.0",
      "resolved": "http://localhost:4873/boom/-/boom-5.2.0.tgz",
      "integrity": "sha512-Z5BTk6ZRe4tXXQlkqftmsAUANpXmuwlsF5Oov8ThoMbQRzdGTA1ngYRW160GexgOgjsFOKJz0LYhoNi+2AMBUw==",
      "requires": {
        "hoek": "4.2.0"
      }
    },
    "call": {
      "version": "4.0.2",
      "resolved": "http://localhost:4873/call/-/call-4.0.2.tgz",
      "integrity": "sha1-33b19R7o3Ui4VqyEAPfmnm1zmcQ=",
      "requires": {
        "boom": "5.2.0",
        "hoek": "4.2.0"
      }
    },
    "catbox": {
      "version": "7.1.5",
      "resolved": "http://localhost:4873/catbox/-/catbox-7.1.5.tgz",
      "integrity": "sha512-4fui5lELzqZ+9cnaAP/BcqXTH6LvWLBRtFhJ0I4FfgfXiSaZcf6k9m9dqOyChiTxNYtvLk7ZMYSf7ahMq3bf5A==",
      "requires": {
        "boom": "5.2.0",
        "hoek": "4.2.0",
        "joi": "10.6.0"
      }
    },
    "catbox-memory": {
      "version": "2.0.4",
      "resolved": "http://localhost:4873/catbox-memory/-/catbox-memory-2.0.4.tgz",
      "integrity": "sha1-Qz4lWQLK9UIz0ShkKcj03xToItU=",
      "requires": {
        "hoek": "4.2.0"
      }
    },
    "content": {
      "version": "3.0.6",
      "resolved": "http://localhost:4873/content/-/content-3.0.6.tgz",
      "integrity": "sha512-tyl3fRp8jOHsQR0X9vrIy0mKQccv0tA9/RlvLl514eA7vHOJr/TnmMTpgQjInwbeW9IOQVy0OECGAuQNUa0nnQ==",
      "requires": {
        "boom": "5.2.0"
      }
    },
    "cryptiles": {
      "version": "3.1.2",
      "resolved": "http://localhost:4873/cryptiles/-/cryptiles-3.1.2.tgz",
      "integrity": "sha1-qJ+7Ig9c4l7FboxKqKT9e1sNKf4=",
      "requires": {
        "boom": "5.2.0"
      }
    },
    "hapi": {
      "version": "16.4.3",
      "resolved": "http://localhost:4873/hapi/-/hapi-16.4.3.tgz",
      "integrity": "sha512-1jN2dj3KeNAHWs5/rFCGPjYyyoDqG1orkwJyL1OHjbODnhsCbZ6AQOgroOUyNUCH3KCZ6dU/dimAW83gJiBjsA==",
      "requires": {
        "accept": "2.1.4",
        "ammo": "2.0.4",
        "boom": "5.2.0",
        "call": "4.0.2",
        "catbox": "7.1.5",
        "catbox-memory": "2.0.4",
        "cryptiles": "3.1.2",
        "heavy": "4.0.4",
        "hoek": "4.2.0",
        "iron": "4.0.5",
        "items": "2.1.1",
        "joi": "10.6.0",
        "mimos": "3.0.3",
        "podium": "1.3.0",
        "shot": "3.4.2",
        "statehood": "5.0.3",
        "subtext": "4.4.1",
        "topo": "2.0.2"
      }
    },
    "heavy": {
      "version": "4.0.4",
      "resolved": "http://localhost:4873/heavy/-/heavy-4.0.4.tgz",
      "integrity": "sha1-NskTNsAMz+hSyqTRUwhjNc0vAOk=",
      "requires": {
        "boom": "5.2.0",
        "hoek": "4.2.0",
        "joi": "10.6.0"
      }
    },
    "hoek": {
      "version": "4.2.0",
      "resolved": "http://localhost:4873/hoek/-/hoek-4.2.0.tgz",
      "integrity": "sha512-v0XCLxICi9nPfYrS9RL8HbYnXi9obYAeLbSP00BmnZwCK9+Ih9WOjoZ8YoHCoav2csqn4FOz4Orldsy2dmDwmQ=="
    },
    "inversify": {
      "version": "4.2.0",
      "resolved": "http://localhost:4873/inversify/-/inversify-4.2.0.tgz",
      "integrity": "sha512-+9yj+0BBk+XJy+o0JdHa95uQK1J1zGv7NE3Dj2MwCaoKoX1qqB/zlxcv9dFsWLC2XDRZNAQ3flVbx87KfD8Hmg=="
    },
    "iron": {
      "version": "4.0.5",
      "resolved": "http://localhost:4873/iron/-/iron-4.0.5.tgz",
      "integrity": "sha1-TwQszri5c480a1mqc0yDqJvDFCg=",
      "requires": {
        "boom": "5.2.0",
        "cryptiles": "3.1.2",
        "hoek": "4.2.0"
      }
    },
    "isemail": {
      "version": "2.2.1",
      "resolved": "http://localhost:4873/isemail/-/isemail-2.2.1.tgz",
      "integrity": "sha1-A1PT2aYpUQgMJiwqoKQrjqjp4qY="
    },
    "items": {
      "version": "2.1.1",
      "resolved": "http://localhost:4873/items/-/items-2.1.1.tgz",
      "integrity": "sha1-i9FtnIOxlSneWuoyGsqtp4NkoZg="
    },
    "joi": {
      "version": "10.6.0",
      "resolved": "http://localhost:4873/joi/-/joi-10.6.0.tgz",
      "integrity": "sha512-hBF3LcqyAid+9X/pwg+eXjD2QBZI5eXnBFJYaAkH4SK3mp9QSRiiQnDYlmlz5pccMvnLcJRS4whhDOTCkmsAdQ==",
      "requires": {
        "hoek": "4.2.0",
        "isemail": "2.2.1",
        "items": "2.1.1",
        "topo": "2.0.2"
      }
    },
    "mime-db": {
      "version": "1.30.0",
      "resolved": "http://localhost:4873/mime-db/-/mime-db-1.30.0.tgz",
      "integrity": "sha1-dMZD2i3Z1qRTmZY0ZbJtXKfXHwE="
    },
    "mimos": {
      "version": "3.0.3",
      "resolved": "http://localhost:4873/mimos/-/mimos-3.0.3.tgz",
      "integrity": "sha1-uRCQcq03jCty9qAQHEPd+ys2ZB8=",
      "requires": {
        "hoek": "4.2.0",
        "mime-db": "1.30.0"
      }
    },
    "nigel": {
      "version": "2.0.2",
      "resolved": "http://localhost:4873/nigel/-/nigel-2.0.2.tgz",
      "integrity": "sha1-k6GGb7DFLYc5CqdeKxYfS1x15bE=",
      "requires": {
        "hoek": "4.2.0",
        "vise": "2.0.2"
      }
    },
    "pez": {
      "version": "2.1.5",
      "resolved": "http://localhost:4873/pez/-/pez-2.1.5.tgz",
      "integrity": "sha1-XsLMYlAMw+tCNtSkFM9aF7XrUAc=",
      "requires": {
        "b64": "3.0.3",
        "boom": "5.2.0",
        "content": "3.0.6",
        "hoek": "4.2.0",
        "nigel": "2.0.2"
      }
    },
    "podium": {
      "version": "1.3.0",
      "resolved": "http://localhost:4873/podium/-/podium-1.3.0.tgz",
      "integrity": "sha512-ZIujqk1pv8bRZNVxwwwq0BhXilZ2udycQT3Kp8ah3f3TcTmVg7ILJsv/oLf47gRa2qeiP584lNq+pfvS9U3aow==",
      "requires": {
        "hoek": "4.2.0",
        "items": "2.1.1",
        "joi": "10.6.0"
      }
    },
    "reflect-metadata": {
      "version": "0.1.10",
      "resolved": "http://localhost:4873/reflect-metadata/-/reflect-metadata-0.1.10.tgz",
      "integrity": "sha1-tPg3BEFqytiZiMmxVjXUfgO5NEo="
    },
    "shot": {
      "version": "3.4.2",
      "resolved": "http://localhost:4873/shot/-/shot-3.4.2.tgz",
      "integrity": "sha1-Hlw/bysmZJrcQvfrNQIUpaApHWc=",
      "requires": {
        "hoek": "4.2.0",
        "joi": "10.6.0"
      }
    },
    "statehood": {
      "version": "5.0.3",
      "resolved": "http://localhost:4873/statehood/-/statehood-5.0.3.tgz",
      "integrity": "sha512-YrPrCt10t3ImH/JMO5szSwX7sCm8HoqVl3VFLOa9EZ1g/qJx/ZmMhN+2uzPPB/vaU6hpkJpXxcBWsgIkkG+MXA==",
      "requires": {
        "boom": "5.2.0",
        "cryptiles": "3.1.2",
        "hoek": "4.2.0",
        "iron": "4.0.5",
        "items": "2.1.1",
        "joi": "10.6.0"
      }
    },
    "subtext": {
      "version": "4.4.1",
      "resolved": "http://localhost:4873/subtext/-/subtext-4.4.1.tgz",
      "integrity": "sha1-L87JRd5CkoPD0YsVH/D6HxuHrsk=",
      "requires": {
        "boom": "5.2.0",
        "content": "3.0.6",
        "hoek": "4.2.0",
        "pez": "2.1.5",
        "wreck": "12.5.1"
      }
    },
    "topo": {
      "version": "2.0.2",
      "resolved": "http://localhost:4873/topo/-/topo-2.0.2.tgz",
      "integrity": "sha1-zVYVdSU5BXwNwEkaYhw7xvvh0YI=",
      "requires": {
        "hoek": "4.2.0"
      }
    },
    "typescript": {
      "version": "2.4.1",
      "resolved": "http://localhost:4873/typescript/-/typescript-2.4.1.tgz",
      "integrity": "sha1-w8yxbdqgsjFN4DHn5v7onlujRrw=",
      "dev": true
    },
    "vise": {
      "version": "2.0.2",
      "resolved": "http://localhost:4873/vise/-/vise-2.0.2.tgz",
      "integrity": "sha1-awjo+0y3bjpQzW3Q7DczjoEaDTk=",
      "requires": {
        "hoek": "4.2.0"
      }
    },
    "wreck": {
      "version": "12.5.1",
      "resolved": "http://localhost:4873/wreck/-/wreck-12.5.1.tgz",
      "integrity": "sha512-l5DUGrc+yDyIflpty1x9XuMj1ehVjC/dTbF3/BasOO77xk0EdEa4M/DuOY8W88MQDAD0fEDqyjc8bkIMHd2E9A==",
      "requires": {
        "boom": "5.2.0",
        "hoek": "4.2.0"
      }
    }
  }
}
